
Microsoft Visual Studio Solution File, Format Version 12.00
Project("{FAE04EC0-301F-11D3-BF4B-00C04F79EFBC}") = "WebApplication1", "WebApplication1\WebApplication1.csproj", "{B23294EC-4B18-4855-97A7-A7F77E3E61AD}"
EndProject
Project("{2150E333-8FDC-42A3-9474-1A3956D46DE8}") = "Solution Items", "Solution Items", "{48464E93-A1AA-4400-8890-36431D80A39D}"
	ProjectSection(SolutionItems) = preProject
		docker-compose.yml = docker-compose.yml
	EndProjectSection
EndProject
Global
	GlobalSection(SolutionConfigurationPlatforms) = preSolution
		Debug|Any CPU = Debug|Any CPU
		Release|Any CPU = Release|Any CPU
	EndGlobalSection
	GlobalSection(ProjectConfigurationPlatforms) = postSolution
		{B23294EC-4B18-4855-97A7-A7F77E3E61AD}.Debug|Any CPU.ActiveCfg = Debug|Any CPU
		{B23294EC-4B18-4855-97A7-A7F77E3E61AD}.Debug|Any CPU.Build.0 = Debug|Any CPU
		{B23294EC-4B18-4855-97A7-A7F77E3E61AD}.Release|Any CPU.ActiveCfg = Release|Any CPU
		{B23294EC-4B18-4855-97A7-A7F77E3E61AD}.Release|Any CPU.Build.0 = Release|Any CPU
	EndGlobalSection
EndGlobal
